
Microsoft Visual Studio Solution File, Format Version 12.00
# Visual Studio Version 17
VisualStudioVersion = 17.1.32407.343
MinimumVisualStudioVersion = 10.0.40219.1
Project("{9A19103F-16F7-4668-BE54-9A1E7A4F7556}") = "App", "App\App.csproj", "{006DEF4F-2396-49E6-87F1-1EDE1BA72004}"
EndProject
Project("{9A19103F-16F7-4668-BE54-9A1E7A4F7556}") = "Library.DataAccessLayer", "Library.DataAccessLayer\Library.DataAccessLayer.csproj", "{3ECD1E3F-22EF-4B88-9D01-0D4CA4114FC2}"
EndProject
Global
	GlobalSection(SolutionConfigurationPlatforms) = preSolution
		Debug|Any CPU = Debug|Any CPU
		Release|Any CPU = Release|Any CPU
	EndGlobalSection
	GlobalSection(ProjectConfigurationPlatforms) = postSolution
		{006DEF4F-2396-49E6-87F1-1EDE1BA72004}.Debug|Any CPU.ActiveCfg = Debug|Any CPU
		{006DEF4F-2396-49E6-87F1-1EDE1BA72004}.Debug|Any CPU.Build.0 = Debug|Any CPU
		{006DEF4F-2396-49E6-87F1-1EDE1BA72004}.Release|Any CPU.ActiveCfg = Release|Any CPU
		{006DEF4F-2396-49E6-87F1-1EDE1BA72004}.Release|Any CPU.Build.0 = Release|Any CPU
		{3ECD1E3F-22EF-4B88-9D01-0D4CA4114FC2}.Debug|Any CPU.ActiveCfg = Debug|Any CPU
		{3ECD1E3F-22EF-4B88-9D01-0D4CA4114FC2}.Debug|Any CPU.Build.0 = Debug|Any CPU
		{3ECD1E3F-22EF-4B88-9D01-0D4CA4114FC2}.Release|Any CPU.ActiveCfg = Release|Any CPU
		{3ECD1E3F-22EF-4B88-9D01-0D4CA4114FC2}.Release|Any CPU.Build.0 = Release|Any CPU
	EndGlobalSection
	GlobalSection(SolutionProperties) = preSolution
		HideSolutionNode = FALSE
	EndGlobalSection
	GlobalSection(ExtensibilityGlobals) = postSolution
		SolutionGuid = {86B460E6-3CCD-406E-A0F6-66701ED097F6}
	EndGlobalSection
EndGlobal
